PODS:
  - ESTabBarController-swift (2.8.0)

DEPENDENCIES:
  - ESTabBarController-swift

SPEC REPOS:
  trunk:
    - ESTabBarController-swift

SPEC CHECKSUMS:
  ESTabBarController-swift: 05593a6ad64700b03c0eb60ff625916370aa4136

PODFILE CHECKSUM: bab3243de8a6ee83afc33edb4b5c393f8c998880

COCOAPODS: 1.10.2
