// !$*UTF8*$!
{
	archiveVersion = 1;
	classes = {
	};
	objectVersion = 55;
	objects = {

/* Begin PBXBuildFile section */
		DF21DF54270FE71100452D1B /* MainScreenViewController.swift in Sources */ = {isa = PBXBuildFile; fileRef = DF21DF53270FE71100452D1B /* MainScreenViewController.swift */; };
		DF21DF59270FF2E300452D1B /* CategoryCell.swift in Sources */ = {isa = PBXBuildFile; fileRef = DF21DF57270FF2E200452D1B /* CategoryCell.swift */; };
		DF21DF5A270FF2E300452D1B /* CategoryCell.xib in Resources */ = {isa = PBXBuildFile; fileRef = DF21DF58270FF2E200452D1B /* CategoryCell.xib */; };
		DF2F85442735342600288F15 /* InventoryCollectionViewCell.swift in Sources */ = {isa = PBXBuildFile; fileRef = DF2F85422735342600288F15 /* InventoryCollectionViewCell.swift */; };
		DF2F85452735342600288F15 /* InventoryCollectionViewCell.xib in Resources */ = {isa = PBXBuildFile; fileRef = DF2F85432735342600288F15 /* InventoryCollectionViewCell.xib */; };
		DF4D3F9B2717F78100A616C7 /* AddItemCell.swift in Sources */ = {isa = PBXBuildFile; fileRef = DF4D3F992717F78000A616C7 /* AddItemCell.swift */; };
		DF4D3F9C2717F78100A616C7 /* AddItemCell.xib in Resources */ = {isa = PBXBuildFile; fileRef = DF4D3F9A2717F78000A616C7 /* AddItemCell.xib */; };
		DF6707C3270AE17F005B42A9 /* AppDelegate.swift in Sources */ = {isa = PBXBuildFile; fileRef = DF6707C2270AE17F005B42A9 /* AppDelegate.swift */; };
		DF6707C5270AE17F005B42A9 /* SceneDelegate.swift in Sources */ = {isa = PBXBuildFile; fileRef = DF6707C4270AE17F005B42A9 /* SceneDelegate.swift */; };
		DF6707CA270AE17F005B42A9 /* Main.storyboard in Resources */ = {isa = PBXBuildFile; fileRef = DF6707C8270AE17F005B42A9 /* Main.storyboard */; };
		DF6707CD270AE17F005B42A9 /* Refri.xcdatamodeld in Sources */ = {isa = PBXBuildFile; fileRef = DF6707CB270AE17F005B42A9 /* Refri.xcdatamodeld */; };
		DF6707CF270AE183005B42A9 /* Assets.xcassets in Resources */ = {isa = PBXBuildFile; fileRef = DF6707CE270AE183005B42A9 /* Assets.xcassets */; };
		DF6707D2270AE183005B42A9 /* LaunchScreen.storyboard in Resources */ = {isa = PBXBuildFile; fileRef = DF6707D0270AE183005B42A9 /* LaunchScreen.storyboard */; };
		DF6707DC270AE217005B42A9 /* Sub.storyboard in Resources */ = {isa = PBXBuildFile; fileRef = DF6707DB270AE217005B42A9 /* Sub.storyboard */; };
/* End PBXBuildFile section */

/* Begin PBXFileReference section */
		DF21DF53270FE71100452D1B /* MainScreenViewController.swift */ = {isa = PBXFileReference; lastKnownFileType = sourcecode.swift; path = MainScreenViewController.swift; sourceTree = "<group>"; };
		DF21DF57270FF2E200452D1B /* CategoryCell.swift */ = {isa = PBXFileReference; lastKnownFileType = sourcecode.swift; path = CategoryCell.swift; sourceTree = "<group>"; };
		DF21DF58270FF2E200452D1B /* CategoryCell.xib */ = {isa = PBXFileReference; lastKnownFileType = file.xib; path = CategoryCell.xib; sourceTree = "<group>"; };
		DF2F85422735342600288F15 /* InventoryCollectionViewCell.swift */ = {isa = PBXFileReference; lastKnownFileType = sourcecode.swift; path = InventoryCollectionViewCell.swift; sourceTree = "<group>"; };
		DF2F85432735342600288F15 /* InventoryCollectionViewCell.xib */ = {isa = PBXFileReference; lastKnownFileType = file.xib; path = InventoryCollectionViewCell.xib; sourceTree = "<group>"; };
		DF4D3F992717F78000A616C7 /* AddItemCell.swift */ = {isa = PBXFileReference; lastKnownFileType = sourcecode.swift; path = AddItemCell.swift; sourceTree = "<group>"; };
		DF4D3F9A2717F78000A616C7 /* AddItemCell.xib */ = {isa = PBXFileReference; lastKnownFileType = file.xib; path = AddItemCell.xib; sourceTree = "<group>"; };
		DF6707BF270AE17F005B42A9 /* Refri.app */ = {isa = PBXFileReference; explicitFileType = wrapper.application; includeInIndex = 0; path = Refri.app; sourceTree = BUILT_PRODUCTS_DIR; };
		DF6707C2270AE17F005B42A9 /* AppDelegate.swift */ = {isa = PBXFileReference; lastKnownFileType = sourcecode.swift; path = AppDelegate.swift; sourceTree = "<group>"; };
		DF6707C4270AE17F005B42A9 /* SceneDelegate.swift */ = {isa = PBXFileReference; lastKnownFileType = sourcecode.swift; path = SceneDelegate.swift; sourceTree = "<group>"; };
		DF6707C9270AE17F005B42A9 /* Base */ = {isa = PBXFileReference; lastKnownFileType = file.storyboard; name = Base; path = Base.lproj/Main.storyboard; sourceTree = "<group>"; };
		DF6707CC270AE17F005B42A9 /* Refri.xcdatamodel */ = {isa = PBXFileReference; lastKnownFileType = wrapper.xcdatamodel; path = Refri.xcdatamodel; sourceTree = "<group>"; };
		DF6707CE270AE183005B42A9 /* Assets.xcassets */ = {isa = PBXFileReference; lastKnownFileType = folder.assetcatalog; path = Assets.xcassets; sourceTree = "<group>"; };
		DF6707D1270AE183005B42A9 /* Base */ = {isa = PBXFileReference; lastKnownFileType = file.storyboard; name = Base; path = Base.lproj/LaunchScreen.storyboard; sourceTree = "<group>"; };
		DF6707D3270AE183005B42A9 /* Info.plist */ = {isa = PBXFileReference; lastKnownFileType = text.plist.xml; path = Info.plist; sourceTree = "<group>"; };
		DF6707DB270AE217005B42A9 /* Sub.storyboard */ = {isa = PBXFileReference; lastKnownFileType = file.storyboard; path = Sub.storyboard; sourceTree = "<group>"; };
/* End PBXFileReference section */

/* Begin PBXFrameworksBuildPhase section */
		DF6707BC270AE17F005B42A9 /* Frameworks */ = {
			isa = PBXFrameworksBuildPhase;
			buildActionMask = 2147483647;
			files = (
			);
			runOnlyForDeploymentPostprocessing = 0;
		};
/* End PBXFrameworksBuildPhase section */

/* Begin PBXGroup section */
		DF21DF5B270FF2F400452D1B /* Cell */ = {
			isa = PBXGroup;
			children = (
				DF2F85412735335100288F15 /* InMainViewController */,
				DF4D3F992717F78000A616C7 /* AddItemCell.swift */,
				DF4D3F9A2717F78000A616C7 /* AddItemCell.xib */,
			);
			path = Cell;
			sourceTree = "<group>";
		};
		DF2F85412735335100288F15 /* InMainViewController */ = {
			isa = PBXGroup;
			children = (
				DF21DF57270FF2E200452D1B /* CategoryCell.swift */,
				DF21DF58270FF2E200452D1B /* CategoryCell.xib */,
				DF2F85422735342600288F15 /* InventoryCollectionViewCell.swift */,
				DF2F85432735342600288F15 /* InventoryCollectionViewCell.xib */,
			);
			path = InMainViewController;
			sourceTree = "<group>";
		};
		DF6707B6270AE17F005B42A9 = {
			isa = PBXGroup;
			children = (
				DF6707C1270AE17F005B42A9 /* Refri */,
				DF6707C0270AE17F005B42A9 /* Products */,
			);
			sourceTree = "<group>";
		};
		DF6707C0270AE17F005B42A9 /* Products */ = {
			isa = PBXGroup;
			children = (
				DF6707BF270AE17F005B42A9 /* Refri.app */,
			);
			name = Products;
			sourceTree = "<group>";
		};
		DF6707C1270AE17F005B42A9 /* Refri */ = {
			isa = PBXGroup;
			children = (
				DF6707DA270AE1C9005B42A9 /* Seojin */,
				DF6707D9270AE1BA005B42A9 /* Hyoju */,
				DF6707C2270AE17F005B42A9 /* AppDelegate.swift */,
				DF6707C4270AE17F005B42A9 /* SceneDelegate.swift */,
				DF6707CE270AE183005B42A9 /* Assets.xcassets */,
				DF6707D0270AE183005B42A9 /* LaunchScreen.storyboard */,
				DF6707D3270AE183005B42A9 /* Info.plist */,
				DF6707CB270AE17F005B42A9 /* Refri.xcdatamodeld */,
			);
			path = Refri;
			sourceTree = "<group>";
		};
		DF6707D9270AE1BA005B42A9 /* Hyoju */ = {
			isa = PBXGroup;
			children = (
				DF21DF5B270FF2F400452D1B /* Cell */,
				DF6707C8270AE17F005B42A9 /* Main.storyboard */,
				DF21DF53270FE71100452D1B /* MainScreenViewController.swift */,
			);
			path = Hyoju;
			sourceTree = "<group>";
		};
		DF6707DA270AE1C9005B42A9 /* Seojin */ = {
			isa = PBXGroup;
			children = (
				DF6707DB270AE217005B42A9 /* Sub.storyboard */,
			);
			path = Seojin;
			sourceTree = "<group>";
		};
/* End PBXGroup section */

/* Begin PBXNativeTarget section */
		DF6707BE270AE17F005B42A9 /* Refri */ = {
			isa = PBXNativeTarget;
			buildConfigurationList = DF6707D6270AE183005B42A9 /* Build configuration list for PBXNativeTarget "Refri" */;
			buildPhases = (
				DF6707BB270AE17F005B42A9 /* Sources */,
				DF6707BC270AE17F005B42A9 /* Frameworks */,
				DF6707BD270AE17F005B42A9 /* Resources */,
			);
			buildRules = (
			);
			dependencies = (
			);
			name = Refri;
			productName = Refri;
			productReference = DF6707BF270AE17F005B42A9 /* Refri.app */;
			productType = "com.apple.product-type.application";
		};
/* End PBXNativeTarget section */

/* Begin PBXProject section */
		DF6707B7270AE17F005B42A9 /* Project object */ = {
			isa = PBXProject;
			attributes = {
				BuildIndependentTargetsInParallel = 1;
				LastSwiftUpdateCheck = 1300;
				LastUpgradeCheck = 1300;
				TargetAttributes = {
					DF6707BE270AE17F005B42A9 = {
						CreatedOnToolsVersion = 13.0;
					};
				};
			};
			buildConfigurationList = DF6707BA270AE17F005B42A9 /* Build configuration list for PBXProject "Refri" */;
			compatibilityVersion = "Xcode 13.0";
			developmentRegion = en;
			hasScannedForEncodings = 0;
			knownRegions = (
				en,
				Base,
			);
			mainGroup = DF6707B6270AE17F005B42A9;
			productRefGroup = DF6707C0270AE17F005B42A9 /* Products */;
			projectDirPath = "";
			projectRoot = "";
			targets = (
				DF6707BE270AE17F005B42A9 /* Refri */,
			);
		};
/* End PBXProject section */

/* Begin PBXResourcesBuildPhase section */
		DF6707BD270AE17F005B42A9 /* Resources */ = {
			isa = PBXResourcesBuildPhase;
			buildActionMask = 2147483647;
			files = (
				DF21DF5A270FF2E300452D1B /* CategoryCell.xib in Resources */,
				DF6707D2270AE183005B42A9 /* LaunchScreen.storyboard in Resources */,
				DF6707CF270AE183005B42A9 /* Assets.xcassets in Resources */,
				DF6707CA270AE17F005B42A9 /* Main.storyboard in Resources */,
				DF4D3F9C2717F78100A616C7 /* AddItemCell.xib in Resources */,
				DF2F85452735342600288F15 /* InventoryCollectionViewCell.xib in Resources */,
				DF6707DC270AE217005B42A9 /* Sub.storyboard in Resources */,
			);
			runOnlyForDeploymentPostprocessing = 0;
		};
/* End PBXResourcesBuildPhase section */

/* Begin PBXSourcesBuildPhase section */
		DF6707BB270AE17F005B42A9 /* Sources */ = {
			isa = PBXSourcesBuildPhase;
			buildActionMask = 2147483647;
			files = (
				DF2F85442735342600288F15 /* InventoryCollectionViewCell.swift in Sources */,
				DF4D3F9B2717F78100A616C7 /* AddItemCell.swift in Sources */,
				DF6707C3270AE17F005B42A9 /* AppDelegate.swift in Sources */,
				DF21DF54270FE71100452D1B /* MainScreenViewController.swift in Sources */,
				DF6707CD270AE17F005B42A9 /* Refri.xcdatamodeld in Sources */,
				DF6707C5270AE17F005B42A9 /* SceneDelegate.swift in Sources */,
				DF21DF59270FF2E300452D1B /* CategoryCell.swift in Sources */,
			);
			runOnlyForDeploymentPostprocessing = 0;
		};
/* End PBXSourcesBuildPhase section */

/* Begin PBXVariantGroup section */
		DF6707C8270AE17F005B42A9 /* Main.storyboard */ = {
			isa = PBXVariantGroup;
			children = (
				DF6707C9270AE17F005B42A9 /* Base */,
			);
			name = Main.storyboard;
			sourceTree = "<group>";
		};
		DF6707D0270AE183005B42A9 /* LaunchScreen.storyboard */ = {
			isa = PBXVariantGroup;
			children = (
				DF6707D1270AE183005B42A9 /* Base */,
			);
			name = LaunchScreen.storyboard;
			sourceTree = "<group>";
		};
/* End PBXVariantGroup section */

/* Begin XCBuildConfiguration section */
		DF6707D4270AE183005B42A9 /* Debug */ = {
			isa = XCBuildConfiguration;
			buildSettings = {
				ALWAYS_SEARCH_USER_PATHS = NO;
				CLANG_ANALYZER_NONNULL = YES;
				CLANG_ANALYZER_NUMBER_OBJECT_CONVERSION = YES_AGGRESSIVE;
				CLANG_CXX_LANGUAGE_STANDARD = "gnu++17";
				CLANG_CXX_LIBRARY = "libc++";
				CLANG_ENABLE_MODULES = YES;
				CLANG_ENABLE_OBJC_ARC = YES;
				CLANG_ENABLE_OBJC_WEAK = YES;
				CLANG_WARN_BLOCK_CAPTURE_AUTORELEASING = YES;
				CLANG_WARN_BOOL_CONVERSION = YES;
				CLANG_WARN_COMMA = YES;
				CLANG_WARN_CONSTANT_CONVERSION = YES;
				CLANG_WARN_DEPRECATED_OBJC_IMPLEMENTATIONS = YES;
				CLANG_WARN_DIRECT_OBJC_ISA_USAGE = YES_ERROR;
				CLANG_WARN_DOCUMENTATION_COMMENTS = YES;
				CLANG_WARN_EMPTY_BODY = YES;
				CLANG_WARN_ENUM_CONVERSION = YES;
				CLANG_WARN_INFINITE_RECURSION = YES;
				CLANG_WARN_INT_CONVERSION = YES;
				CLANG_WARN_NON_LITERAL_NULL_CONVERSION = YES;
				CLANG_WARN_OBJC_IMPLICIT_RETAIN_SELF = YES;
				CLANG_WARN_OBJC_LITERAL_CONVERSION = YES;
				CLANG_WARN_OBJC_ROOT_CLASS = YES_ERROR;
				CLANG_WARN_QUOTED_INCLUDE_IN_FRAMEWORK_HEADER = YES;
				CLANG_WARN_RANGE_LOOP_ANALYSIS = YES;
				CLANG_WARN_STRICT_PROTOTYPES = YES;
				CLANG_WARN_SUSPICIOUS_MOVE = YES;
				CLANG_WARN_UNGUARDED_AVAILABILITY = YES_AGGRESSIVE;
				CLANG_WARN_UNREACHABLE_CODE = YES;
				CLANG_WARN__DUPLICATE_METHOD_MATCH = YES;
				COPY_PHASE_STRIP = NO;
				DEBUG_INFORMATION_FORMAT = dwarf;
				ENABLE_STRICT_OBJC_MSGSEND = YES;
				ENABLE_TESTABILITY = YES;
				GCC_C_LANGUAGE_STANDARD = gnu11;
				GCC_DYNAMIC_NO_PIC = NO;
				GCC_NO_COMMON_BLOCKS = YES;
				GCC_OPTIMIZATION_LEVEL = 0;
				GCC_PREPROCESSOR_DEFINITIONS = (
					"DEBUG=1",
					"$(inherited)",
				);
				GCC_WARN_64_TO_32_BIT_CONVERSION = YES;
				GCC_WARN_ABOUT_RETURN_TYPE = YES_ERROR;
				GCC_WARN_UNDECLARED_SELECTOR = YES;
				GCC_WARN_UNINITIALIZED_AUTOS = YES_AGGRESSIVE;
				GCC_WARN_UNUSED_FUNCTION = YES;
				GCC_WARN_UNUSED_VARIABLE = YES;
				IPHONEOS_DEPLOYMENT_TARGET = 15.0;
				MTL_ENABLE_DEBUG_INFO = INCLUDE_SOURCE;
				MTL_FAST_MATH = YES;
				ONLY_ACTIVE_ARCH = YES;
				SDKROOT = iphoneos;
				SWIFT_ACTIVE_COMPILATION_CONDITIONS = DEBUG;
				SWIFT_OPTIMIZATION_LEVEL = "-Onone";
			};
			name = Debug;
		};
		DF6707D5270AE183005B42A9 /* Release */ = {
			isa = XCBuildConfiguration;
			buildSettings = {
				ALWAYS_SEARCH_USER_PATHS = NO;
				CLANG_ANALYZER_NONNULL = YES;
				CLANG_ANALYZER_NUMBER_OBJECT_CONVERSION = YES_AGGRESSIVE;
				CLANG_CXX_LANGUAGE_STANDARD = "gnu++17";
				CLANG_CXX_LIBRARY = "libc++";
				CLANG_ENABLE_MODULES = YES;
				CLANG_ENABLE_OBJC_ARC = YES;
				CLANG_ENABLE_OBJC_WEAK = YES;
				CLANG_WARN_BLOCK_CAPTURE_AUTORELEASING = YES;
				CLANG_WARN_BOOL_CONVERSION = YES;
				CLANG_WARN_COMMA = YES;
				CLANG_WARN_CONSTANT_CONVERSION = YES;
				CLANG_WARN_DEPRECATED_OBJC_IMPLEMENTATIONS = YES;
				CLANG_WARN_DIRECT_OBJC_ISA_USAGE = YES_ERROR;
				CLANG_WARN_DOCUMENTATION_COMMENTS = YES;
				CLANG_WARN_EMPTY_BODY = YES;
				CLANG_WARN_ENUM_CONVERSION = YES;
				CLANG_WARN_INFINITE_RECURSION = YES;
				CLANG_WARN_INT_CONVERSION = YES;
				CLANG_WARN_NON_LITERAL_NULL_CONVERSION = YES;
				CLANG_WARN_OBJC_IMPLICIT_RETAIN_SELF = YES;
				CLANG_WARN_OBJC_LITERAL_CONVERSION = YES;
				CLANG_WARN_OBJC_ROOT_CLASS = YES_ERROR;
				CLANG_WARN_QUOTED_INCLUDE_IN_FRAMEWORK_HEADER = YES;
				CLANG_WARN_RANGE_LOOP_ANALYSIS = YES;
				CLANG_WARN_STRICT_PROTOTYPES = YES;
				CLANG_WARN_SUSPICIOUS_MOVE = YES;
				CLANG_WARN_UNGUARDED_AVAILABILITY = YES_AGGRESSIVE;
				CLANG_WARN_UNREACHABLE_CODE = YES;
				CLANG_WARN__DUPLICATE_METHOD_MATCH = YES;
				COPY_PHASE_STRIP = NO;
				DEBUG_INFORMATION_FORMAT = "dwarf-with-dsym";
				ENABLE_NS_ASSERTIONS = NO;
				ENABLE_STRICT_OBJC_MSGSEND = YES;
				GCC_C_LANGUAGE_STANDARD = gnu11;
				GCC_NO_COMMON_BLOCKS = YES;
				GCC_WARN_64_TO_32_BIT_CONVERSION = YES;
				GCC_WARN_ABOUT_RETURN_TYPE = YES_ERROR;
				GCC_WARN_UNDECLARED_SELECTOR = YES;
				GCC_WARN_UNINITIALIZED_AUTOS = YES_AGGRESSIVE;
				GCC_WARN_UNUSED_FUNCTION = YES;
				GCC_WARN_UNUSED_VARIABLE = YES;
				IPHONEOS_DEPLOYMENT_TARGET = 15.0;
				MTL_ENABLE_DEBUG_INFO = NO;
				MTL_FAST_MATH = YES;
				SDKROOT = iphoneos;
				SWIFT_COMPILATION_MODE = wholemodule;
				SWIFT_OPTIMIZATION_LEVEL = "-O";
				VALIDATE_PRODUCT = YES;
			};
			name = Release;
		};
		DF6707D7270AE183005B42A9 /* Debug */ = {
			isa = XCBuildConfiguration;
			buildSettings = {
				ASSETCATALOG_COMPILER_APPICON_NAME = AppIcon;
				ASSETCATALOG_COMPILER_GLOBAL_ACCENT_COLOR_NAME = AccentColor;
				CODE_SIGN_STYLE = Automatic;
				CURRENT_PROJECT_VERSION = 1;
				DEVELOPMENT_TEAM = 6GGFAY4XMT;
				GENERATE_INFOPLIST_FILE = YES;
				INFOPLIST_FILE = Refri/Info.plist;
				INFOPLIST_KEY_UIApplicationSupportsIndirectInputEvents = YES;
				INFOPLIST_KEY_UILaunchStoryboardName = LaunchScreen;
				INFOPLIST_KEY_UIMainStoryboardFile = Main;
				INFOPLIST_KEY_UISupportedInterfaceOrientations_iPad = "UIInterfaceOrientationPortrait UIInterfaceOrientationPortraitUpsideDown UIInterfaceOrientationLandscapeLeft UIInterfaceOrientationLandscapeRight";
				INFOPLIST_KEY_UISupportedInterfaceOrientations_iPhone = "UIInterfaceOrientationPortrait UIInterfaceOrientationLandscapeLeft UIInterfaceOrientationLandscapeRight";
				LD_RUNPATH_SEARCH_PATHS = (
					"$(inherited)",
					"@executable_path/Frameworks",
				);
				MARKETING_VERSION = 1.0;
				PRODUCT_BUNDLE_IDENTIFIER = com.simyo.Refri;
				PRODUCT_NAME = "$(TARGET_NAME)";
				SWIFT_EMIT_LOC_STRINGS = YES;
				SWIFT_VERSION = 5.0;
				TARGETED_DEVICE_FAMILY = "1,2";
			};
			name = Debug;
		};
		DF6707D8270AE183005B42A9 /* Release */ = {
			isa = XCBuildConfiguration;
			buildSettings = {
				ASSETCATALOG_COMPILER_APPICON_NAME = AppIcon;
				ASSETCATALOG_COMPILER_GLOBAL_ACCENT_COLOR_NAME = AccentColor;
				CODE_SIGN_STYLE = Automatic;
				CURRENT_PROJECT_VERSION = 1;
				DEVELOPMENT_TEAM = 6GGFAY4XMT;
				GENERATE_INFOPLIST_FILE = YES;
				INFOPLIST_FILE = Refri/Info.plist;
				INFOPLIST_KEY_UIApplicationSupportsIndirectInputEvents = YES;
				INFOPLIST_KEY_UILaunchStoryboardName = LaunchScreen;
				INFOPLIST_KEY_UIMainStoryboardFile = Main;
				INFOPLIST_KEY_UISupportedInterfaceOrientations_iPad = "UIInterfaceOrientationPortrait UIInterfaceOrientationPortraitUpsideDown UIInterfaceOrientationLandscapeLeft UIInterfaceOrientationLandscapeRight";
				INFOPLIST_KEY_UISupportedInterfaceOrientations_iPhone = "UIInterfaceOrientationPortrait UIInterfaceOrientationLandscapeLeft UIInterfaceOrientationLandscapeRight";
				LD_RUNPATH_SEARCH_PATHS = (
					"$(inherited)",
					"@executable_path/Frameworks",
				);
				MARKETING_VERSION = 1.0;
				PRODUCT_BUNDLE_IDENTIFIER = com.simyo.Refri;
				PRODUCT_NAME = "$(TARGET_NAME)";
				SWIFT_EMIT_LOC_STRINGS = YES;
				SWIFT_VERSION = 5.0;
				TARGETED_DEVICE_FAMILY = "1,2";
			};
			name = Release;
		};
/* End XCBuildConfiguration section */

/* Begin XCConfigurationList section */
		DF6707BA270AE17F005B42A9 /* Build configuration list for PBXProject "Refri" */ = {
			isa = XCConfigurationList;
			buildConfigurations = (
				DF6707D4270AE183005B42A9 /* Debug */,
				DF6707D5270AE183005B42A9 /* Release */,
			);
			defaultConfigurationIsVisible = 0;
			defaultConfigurationName = Release;
		};
		DF6707D6270AE183005B42A9 /* Build configuration list for PBXNativeTarget "Refri" */ = {
			isa = XCConfigurationList;
			buildConfigurations = (
				DF6707D7270AE183005B42A9 /* Debug */,
				DF6707D8270AE183005B42A9 /* Release */,
			);
			defaultConfigurationIsVisible = 0;
			defaultConfigurationName = Release;
		};
/* End XCConfigurationList section */

/* Begin XCVersionGroup section */
		DF6707CB270AE17F005B42A9 /* Refri.xcdatamodeld */ = {
			isa = XCVersionGroup;
			children = (
				DF6707CC270AE17F005B42A9 /* Refri.xcdatamodel */,
			);
			currentVersion = DF6707CC270AE17F005B42A9 /* Refri.xcdatamodel */;
			path = Refri.xcdatamodeld;
			sourceTree = "<group>";
			versionGroupType = wrapper.xcdatamodel;
		};
/* End XCVersionGroup section */
	};
	rootObject = DF6707B7270AE17F005B42A9 /* Project object */;
}
